# THIS IS AN AUTOGENERATED FILE. DO NOT EDIT THIS FILE DIRECTLY.
# yarn lockfile v1


"@angular/core@^12.2.0":
  version "12.2.0"
  resolved "https://craigmiller160.ddns.net:30003/repository/npm-group/@angular/core/-/core-12.2.0.tgz#29869aec3f624f6d4e1b5eedc25475cd5235a2e8"
  integrity sha512-zy/gqSlSEmi85HVbpoQ0nhC74xoL+aoofvbkKPgdgyEcnqzBt4IFzH++0EZ+GMeZ2pVoNfiXklUhAy2OBAiR/g==
  dependencies:
    tslib "^2.2.0"

rxjs@^7.3.0:
  version "7.3.0"
  resolved "https://craigmiller160.ddns.net:30003/repository/npm-group/rxjs/-/rxjs-7.3.0.tgz#39fe4f3461dc1e50be1475b2b85a0a88c1e938c6"
  integrity sha512-p2yuGIg9S1epc3vrjKf6iVb3RCaAYjYskkO+jHIaV0IjOPlJop4UnodOoFb2xeNwlguqLYvGw1b1McillYb5Gw==
  dependencies:
    tslib "~2.1.0"

tslib@^2.2.0:
  version "2.3.0"
  resolved "https://craigmiller160.ddns.net:30003/repository/npm-group/tslib/-/tslib-2.3.0.tgz#803b8cdab3e12ba581a4ca41c8839bbb0dacb09e"
  integrity sha512-N82ooyxVNm6h1riLCoyS9e3fuJ3AMG2zIZs2Gd1ATcSFjSA23Q0fzjjZeh0jbJvWVDZ0cJT8yaNNaaXHzueNjg==

tslib@~2.1.0:
  version "2.1.0"
  resolved "https://craigmiller160.ddns.net:30003/repository/npm-group/tslib/-/tslib-2.1.0.tgz#da60860f1c2ecaa5703ab7d39bc05b6bf988b97a"
  integrity sha512-hcVC3wYEziELGGmEEXue7D75zbwIIVUMWAVbHItGPx0ziyXxrOMQx4rQEVEV45Ut/1IotuEvwqPopzIOkDMf0A==
